
Microsoft Visual Studio Solution File, Format Version 12.00
# Visual Studio Version 17
VisualStudioVersion = 17.0.32014.148
MinimumVisualStudioVersion = 10.0.40219.1
Project("{FAE04EC0-301F-11D3-BF4B-00C04F79EFBC}") = "K205-CarApp", "K205-CarApp\K205-CarApp.csproj", "{493691AF-2B43-413C-B10F-303D30033FE7}"
EndProject
Global
	GlobalSection(SolutionConfigurationPlatforms) = preSolution
		Debug|Any CPU = Debug|Any CPU
		Release|Any CPU = Release|Any CPU
	EndGlobalSection
	GlobalSection(ProjectConfigurationPlatforms) = postSolution
		{493691AF-2B43-413C-B10F-303D30033FE7}.Debug|Any CPU.ActiveCfg = Debug|Any CPU
		{493691AF-2B43-413C-B10F-303D30033FE7}.Debug|Any CPU.Build.0 = Debug|Any CPU
		{493691AF-2B43-413C-B10F-303D30033FE7}.Release|Any CPU.ActiveCfg = Release|Any CPU
		{493691AF-2B43-413C-B10F-303D30033FE7}.Release|Any CPU.Build.0 = Release|Any CPU
	EndGlobalSection
	GlobalSection(SolutionProperties) = preSolution
		HideSolutionNode = FALSE
	EndGlobalSection
	GlobalSection(ExtensibilityGlobals) = postSolution
		SolutionGuid = {A9F81454-373E-47E5-9C09-DB60DE67F195}
	EndGlobalSection
EndGlobal
